
Microsoft Visual Studio Solution File, Format Version 12.00
# Visual Studio Version 17
VisualStudioVersion = 17.1.32407.343
MinimumVisualStudioVersion = 10.0.40219.1
Project("{FAE04EC0-301F-11D3-BF4B-00C04F79EFBC}") = "New task 1", "New task 1\New task 1.csproj", "{35644737-D001-4B63-A651-7BA4BB1A31BF}"
EndProject
Global
	GlobalSection(SolutionConfigurationPlatforms) = preSolution
		Debug|Any CPU = Debug|Any CPU
		Release|Any CPU = Release|Any CPU
	EndGlobalSection
	GlobalSection(ProjectConfigurationPlatforms) = postSolution
		{35644737-D001-4B63-A651-7BA4BB1A31BF}.Debug|Any CPU.ActiveCfg = Debug|Any CPU
		{35644737-D001-4B63-A651-7BA4BB1A31BF}.Debug|Any CPU.Build.0 = Debug|Any CPU
		{35644737-D001-4B63-A651-7BA4BB1A31BF}.Release|Any CPU.ActiveCfg = Release|Any CPU
		{35644737-D001-4B63-A651-7BA4BB1A31BF}.Release|Any CPU.Build.0 = Release|Any CPU
	EndGlobalSection
	GlobalSection(SolutionProperties) = preSolution
		HideSolutionNode = FALSE
	EndGlobalSection
	GlobalSection(ExtensibilityGlobals) = postSolution
		SolutionGuid = {C878DD06-3B30-43A3-A911-31B14E478DFD}
	EndGlobalSection
EndGlobal
